
Microsoft Visual Studio Solution File, Format Version 12.00
# Visual Studio Version 16
VisualStudioVersion = 16.0.30204.135
MinimumVisualStudioVersion = 10.0.40219.1
Project("{9A19103F-16F7-4668-BE54-9A1E7A4F7556}") = "Katz0rz", "Katz0rz.csproj", "{B838456E-F909-46BB-BBB4-96A02D03EC3C}"
EndProject
Global
	GlobalSection(SolutionConfigurationPlatforms) = preSolution
		Debug|Any CPU = Debug|Any CPU
		Release|Any CPU = Release|Any CPU
	EndGlobalSection
	GlobalSection(ProjectConfigurationPlatforms) = postSolution
		{B838456E-F909-46BB-BBB4-96A02D03EC3C}.Debug|Any CPU.ActiveCfg = Debug|Any CPU
		{B838456E-F909-46BB-BBB4-96A02D03EC3C}.Debug|Any CPU.Build.0 = Debug|Any CPU
		{B838456E-F909-46BB-BBB4-96A02D03EC3C}.Release|Any CPU.ActiveCfg = Debug|Any CPU
		{B838456E-F909-46BB-BBB4-96A02D03EC3C}.Release|Any CPU.Build.0 = Debug|Any CPU
	EndGlobalSection
	GlobalSection(SolutionProperties) = preSolution
		HideSolutionNode = FALSE
	EndGlobalSection
	GlobalSection(ExtensibilityGlobals) = postSolution
		SolutionGuid = {4FA905B6-86C1-49D3-BF4F-905DEEF8745A}
	EndGlobalSection
EndGlobal
